// !$*UTF8*$!
{
	archiveVersion = 1;
	classes = {
	};
	objectVersion = 50;
	objects = {

/* Begin PBXBuildFile section */
		791831AF274872D200BDA595 /* Cat0.swift in Sources */ = {isa = PBXBuildFile; fileRef = 791831AE274872D200BDA595 /* Cat0.swift */; };
		791831B3274872FB00BDA595 /* Cat1.swift in Sources */ = {isa = PBXBuildFile; fileRef = 791831B2274872FB00BDA595 /* Cat1.swift */; };
		791831B62748731400BDA595 /* Cat2.swift in Sources */ = {isa = PBXBuildFile; fileRef = 791831B52748731400BDA595 /* Cat2.swift */; };
		791831B92748732500BDA595 /* Cat3.swift in Sources */ = {isa = PBXBuildFile; fileRef = 791831B82748732500BDA595 /* Cat3.swift */; };
		791831BC2748733900BDA595 /* Cat4.swift in Sources */ = {isa = PBXBuildFile; fileRef = 791831BB2748733900BDA595 /* Cat4.swift */; };
		791831BF2748734C00BDA595 /* Cat5.swift in Sources */ = {isa = PBXBuildFile; fileRef = 791831BE2748734C00BDA595 /* Cat5.swift */; };
		791831C22748735D00BDA595 /* Cat6.swift in Sources */ = {isa = PBXBuildFile; fileRef = 791831C12748735D00BDA595 /* Cat6.swift */; };
		79C2BED3274851FF0005322B /* AppDelegate.swift in Sources */ = {isa = PBXBuildFile; fileRef = 79C2BED2274851FF0005322B /* AppDelegate.swift */; };
		79C2BED5274851FF0005322B /* SceneDelegate.swift in Sources */ = {isa = PBXBuildFile; fileRef = 79C2BED4274851FF0005322B /* SceneDelegate.swift */; };
		79C2BED7274851FF0005322B /* ContentView.swift in Sources */ = {isa = PBXBuildFile; fileRef = 79C2BED6274851FF0005322B /* ContentView.swift */; };
		79C2BED9274852060005322B /* Assets.xcassets in Resources */ = {isa = PBXBuildFile; fileRef = 79C2BED8274852060005322B /* Assets.xcassets */; };
		79C2BEDC274852060005322B /* Preview Assets.xcassets in Resources */ = {isa = PBXBuildFile; fileRef = 79C2BEDB274852060005322B /* Preview Assets.xcassets */; };
		79C2BEDF274852060005322B /* LaunchScreen.storyboard in Resources */ = {isa = PBXBuildFile; fileRef = 79C2BEDD274852060005322B /* LaunchScreen.storyboard */; };
/* End PBXBuildFile section */

/* Begin PBXFileReference section */
		791831AE274872D200BDA595 /* Cat0.swift */ = {isa = PBXFileReference; lastKnownFileType = sourcecode.swift; path = Cat0.swift; sourceTree = "<group>"; };
		791831B2274872FB00BDA595 /* Cat1.swift */ = {isa = PBXFileReference; lastKnownFileType = sourcecode.swift; path = Cat1.swift; sourceTree = "<group>"; };
		791831B52748731400BDA595 /* Cat2.swift */ = {isa = PBXFileReference; lastKnownFileType = sourcecode.swift; path = Cat2.swift; sourceTree = "<group>"; };
		791831B82748732500BDA595 /* Cat3.swift */ = {isa = PBXFileReference; lastKnownFileType = sourcecode.swift; path = Cat3.swift; sourceTree = "<group>"; };
		791831BB2748733900BDA595 /* Cat4.swift */ = {isa = PBXFileReference; lastKnownFileType = sourcecode.swift; path = Cat4.swift; sourceTree = "<group>"; };
		791831BE2748734C00BDA595 /* Cat5.swift */ = {isa = PBXFileReference; lastKnownFileType = sourcecode.swift; path = Cat5.swift; sourceTree = "<group>"; };
		791831C12748735D00BDA595 /* Cat6.swift */ = {isa = PBXFileReference; lastKnownFileType = sourcecode.swift; path = Cat6.swift; sourceTree = "<group>"; };
		79C2BECF274851FF0005322B /* Trainiig.app */ = {isa = PBXFileReference; explicitFileType = wrapper.application; includeInIndex = 0; path = Trainiig.app; sourceTree = BUILT_PRODUCTS_DIR; };
		79C2BED2274851FF0005322B /* AppDelegate.swift */ = {isa = PBXFileReference; lastKnownFileType = sourcecode.swift; path = AppDelegate.swift; sourceTree = "<group>"; };
		79C2BED4274851FF0005322B /* SceneDelegate.swift */ = {isa = PBXFileReference; lastKnownFileType = sourcecode.swift; path = SceneDelegate.swift; sourceTree = "<group>"; };
		79C2BED6274851FF0005322B /* ContentView.swift */ = {isa = PBXFileReference; lastKnownFileType = sourcecode.swift; path = ContentView.swift; sourceTree = "<group>"; };
		79C2BED8274852060005322B /* Assets.xcassets */ = {isa = PBXFileReference; lastKnownFileType = folder.assetcatalog; path = Assets.xcassets; sourceTree = "<group>"; };
		79C2BEDB274852060005322B /* Preview Assets.xcassets */ = {isa = PBXFileReference; lastKnownFileType = folder.assetcatalog; path = "Preview Assets.xcassets"; sourceTree = "<group>"; };
		79C2BEDE274852060005322B /* Base */ = {isa = PBXFileReference; lastKnownFileType = file.storyboard; name = Base; path = Base.lproj/LaunchScreen.storyboard; sourceTree = "<group>"; };
		79C2BEE0274852060005322B /* Info.plist */ = {isa = PBXFileReference; lastKnownFileType = text.plist.xml; path = Info.plist; sourceTree = "<group>"; };
/* End PBXFileReference section */

/* Begin PBXFrameworksBuildPhase section */
		79C2BECC274851FF0005322B /* Frameworks */ = {
			isa = PBXFrameworksBuildPhase;
			buildActionMask = 2147483647;
			files = (
			);
			runOnlyForDeploymentPostprocessing = 0;
		};
/* End PBXFrameworksBuildPhase section */

/* Begin PBXGroup section */
		79C2BEC6274851FF0005322B = {
			isa = PBXGroup;
			children = (
				79C2BED1274851FF0005322B /* Trainiig */,
				79C2BED0274851FF0005322B /* Products */,
			);
			sourceTree = "<group>";
		};
		79C2BED0274851FF0005322B /* Products */ = {
			isa = PBXGroup;
			children = (
				79C2BECF274851FF0005322B /* Trainiig.app */,
			);
			name = Products;
			sourceTree = "<group>";
		};
		79C2BED1274851FF0005322B /* Trainiig */ = {
			isa = PBXGroup;
			children = (
				79C2BED2274851FF0005322B /* AppDelegate.swift */,
				79C2BED4274851FF0005322B /* SceneDelegate.swift */,
				79C2BED6274851FF0005322B /* ContentView.swift */,
				791831AE274872D200BDA595 /* Cat0.swift */,
				791831B2274872FB00BDA595 /* Cat1.swift */,
				791831B52748731400BDA595 /* Cat2.swift */,
				791831B82748732500BDA595 /* Cat3.swift */,
				791831BB2748733900BDA595 /* Cat4.swift */,
				791831BE2748734C00BDA595 /* Cat5.swift */,
				791831C12748735D00BDA595 /* Cat6.swift */,
				79C2BED8274852060005322B /* Assets.xcassets */,
				79C2BEDD274852060005322B /* LaunchScreen.storyboard */,
				79C2BEE0274852060005322B /* Info.plist */,
				79C2BEDA274852060005322B /* Preview Content */,
			);
			path = Trainiig;
			sourceTree = "<group>";
		};
		79C2BEDA274852060005322B /* Preview Content */ = {
			isa = PBXGroup;
			children = (
				79C2BEDB274852060005322B /* Preview Assets.xcassets */,
			);
			path = "Preview Content";
			sourceTree = "<group>";
		};
/* End PBXGroup section */

/* Begin PBXNativeTarget section */
		79C2BECE274851FF0005322B /* Trainiig */ = {
			isa = PBXNativeTarget;
			buildConfigurationList = 79C2BEE3274852060005322B /* Build configuration list for PBXNativeTarget "Trainiig" */;
			buildPhases = (
				79C2BECB274851FF0005322B /* Sources */,
				79C2BECC274851FF0005322B /* Frameworks */,
				79C2BECD274851FF0005322B /* Resources */,
			);
			buildRules = (
			);
			dependencies = (
			);
			name = Trainiig;
			productName = Trainiig;
			productReference = 79C2BECF274851FF0005322B /* Trainiig.app */;
			productType = "com.apple.product-type.application";
		};
/* End PBXNativeTarget section */

/* Begin PBXProject section */
		79C2BEC7274851FF0005322B /* Project object */ = {
			isa = PBXProject;
			attributes = {
				LastSwiftUpdateCheck = 1240;
				LastUpgradeCheck = 1240;
				TargetAttributes = {
					79C2BECE274851FF0005322B = {
						CreatedOnToolsVersion = 12.4;
					};
				};
			};
			buildConfigurationList = 79C2BECA274851FF0005322B /* Build configuration list for PBXProject "Trainiig" */;
			compatibilityVersion = "Xcode 9.3";
			developmentRegion = en;
			hasScannedForEncodings = 0;
			knownRegions = (
				en,
				Base,
			);
			mainGroup = 79C2BEC6274851FF0005322B;
			productRefGroup = 79C2BED0274851FF0005322B /* Products */;
			projectDirPath = "";
			projectRoot = "";
			targets = (
				79C2BECE274851FF0005322B /* Trainiig */,
			);
		};
/* End PBXProject section */

/* Begin PBXResourcesBuildPhase section */
		79C2BECD274851FF0005322B /* Resources */ = {
			isa = PBXResourcesBuildPhase;
			buildActionMask = 2147483647;
			files = (
				79C2BEDF274852060005322B /* LaunchScreen.storyboard in Resources */,
				79C2BEDC274852060005322B /* Preview Assets.xcassets in Resources */,
				79C2BED9274852060005322B /* Assets.xcassets in Resources */,
			);
			runOnlyForDeploymentPostprocessing = 0;
		};
/* End PBXResourcesBuildPhase section */

/* Begin PBXSourcesBuildPhase section */
		79C2BECB274851FF0005322B /* Sources */ = {
			isa = PBXSourcesBuildPhase;
			buildActionMask = 2147483647;
			files = (
				791831B92748732500BDA595 /* Cat3.swift in Sources */,
				791831BF2748734C00BDA595 /* Cat5.swift in Sources */,
				791831BC2748733900BDA595 /* Cat4.swift in Sources */,
				79C2BED3274851FF0005322B /* AppDelegate.swift in Sources */,
				791831B62748731400BDA595 /* Cat2.swift in Sources */,
				791831AF274872D200BDA595 /* Cat0.swift in Sources */,
				791831B3274872FB00BDA595 /* Cat1.swift in Sources */,
				791831C22748735D00BDA595 /* Cat6.swift in Sources */,
				79C2BED5274851FF0005322B /* SceneDelegate.swift in Sources */,
				79C2BED7274851FF0005322B /* ContentView.swift in Sources */,
			);
			runOnlyForDeploymentPostprocessing = 0;
		};
/* End PBXSourcesBuildPhase section */

/* Begin PBXVariantGroup section */
		79C2BEDD274852060005322B /* LaunchScreen.storyboard */ = {
			isa = PBXVariantGroup;
			children = (
				79C2BEDE274852060005322B /* Base */,
			);
			name = LaunchScreen.storyboard;
			sourceTree = "<group>";
		};
/* End PBXVariantGroup section */

/* Begin XCBuildConfiguration section */
		79C2BEE1274852060005322B /* Debug */ = {
			isa = XCBuildConfiguration;
			buildSettings = {
				ALWAYS_SEARCH_USER_PATHS = NO;
				CLANG_ANALYZER_NONNULL = YES;
				CLANG_ANALYZER_NUMBER_OBJECT_CONVERSION = YES_AGGRESSIVE;
				CLANG_CXX_LANGUAGE_STANDARD = "gnu++14";
				CLANG_CXX_LIBRARY = "libc++";
				CLANG_ENABLE_MODULES = YES;
				CLANG_ENABLE_OBJC_ARC = YES;
				CLANG_ENABLE_OBJC_WEAK = YES;
				CLANG_WARN_BLOCK_CAPTURE_AUTORELEASING = YES;
				CLANG_WARN_BOOL_CONVERSION = YES;
				CLANG_WARN_COMMA = YES;
				CLANG_WARN_CONSTANT_CONVERSION = YES;
				CLANG_WARN_DEPRECATED_OBJC_IMPLEMENTATIONS = YES;
				CLANG_WARN_DIRECT_OBJC_ISA_USAGE = YES_ERROR;
				CLANG_WARN_DOCUMENTATION_COMMENTS = YES;
				CLANG_WARN_EMPTY_BODY = YES;
				CLANG_WARN_ENUM_CONVERSION = YES;
				CLANG_WARN_INFINITE_RECURSION = YES;
				CLANG_WARN_INT_CONVERSION = YES;
				CLANG_WARN_NON_LITERAL_NULL_CONVERSION = YES;
				CLANG_WARN_OBJC_IMPLICIT_RETAIN_SELF = YES;
				CLANG_WARN_OBJC_LITERAL_CONVERSION = YES;
				CLANG_WARN_OBJC_ROOT_CLASS = YES_ERROR;
				CLANG_WARN_QUOTED_INCLUDE_IN_FRAMEWORK_HEADER = YES;
				CLANG_WARN_RANGE_LOOP_ANALYSIS = YES;
				CLANG_WARN_STRICT_PROTOTYPES = YES;
				CLANG_WARN_SUSPICIOUS_MOVE = YES;
				CLANG_WARN_UNGUARDED_AVAILABILITY = YES_AGGRESSIVE;
				CLANG_WARN_UNREACHABLE_CODE = YES;
				CLANG_WARN__DUPLICATE_METHOD_MATCH = YES;
				COPY_PHASE_STRIP = NO;
				DEBUG_INFORMATION_FORMAT = dwarf;
				ENABLE_STRICT_OBJC_MSGSEND = YES;
				ENABLE_TESTABILITY = YES;
				GCC_C_LANGUAGE_STANDARD = gnu11;
				GCC_DYNAMIC_NO_PIC = NO;
				GCC_NO_COMMON_BLOCKS = YES;
				GCC_OPTIMIZATION_LEVEL = 0;
				GCC_PREPROCESSOR_DEFINITIONS = (
					"DEBUG=1",
					"$(inherited)",
				);
				GCC_WARN_64_TO_32_BIT_CONVERSION = YES;
				GCC_WARN_ABOUT_RETURN_TYPE = YES_ERROR;
				GCC_WARN_UNDECLARED_SELECTOR = YES;
				GCC_WARN_UNINITIALIZED_AUTOS = YES_AGGRESSIVE;
				GCC_WARN_UNUSED_FUNCTION = YES;
				GCC_WARN_UNUSED_VARIABLE = YES;
				IPHONEOS_DEPLOYMENT_TARGET = 14.4;
				MTL_ENABLE_DEBUG_INFO = INCLUDE_SOURCE;
				MTL_FAST_MATH = YES;
				ONLY_ACTIVE_ARCH = YES;
				SDKROOT = iphoneos;
				SWIFT_ACTIVE_COMPILATION_CONDITIONS = DEBUG;
				SWIFT_OPTIMIZATION_LEVEL = "-Onone";
			};
			name = Debug;
		};
		79C2BEE2274852060005322B /* Release */ = {
			isa = XCBuildConfiguration;
			buildSettings = {
				ALWAYS_SEARCH_USER_PATHS = NO;
				CLANG_ANALYZER_NONNULL = YES;
				CLANG_ANALYZER_NUMBER_OBJECT_CONVERSION = YES_AGGRESSIVE;
				CLANG_CXX_LANGUAGE_STANDARD = "gnu++14";
				CLANG_CXX_LIBRARY = "libc++";
				CLANG_ENABLE_MODULES = YES;
				CLANG_ENABLE_OBJC_ARC = YES;
				CLANG_ENABLE_OBJC_WEAK = YES;
				CLANG_WARN_BLOCK_CAPTURE_AUTORELEASING = YES;
				CLANG_WARN_BOOL_CONVERSION = YES;
				CLANG_WARN_COMMA = YES;
				CLANG_WARN_CONSTANT_CONVERSION = YES;
				CLANG_WARN_DEPRECATED_OBJC_IMPLEMENTATIONS = YES;
				CLANG_WARN_DIRECT_OBJC_ISA_USAGE = YES_ERROR;
				CLANG_WARN_DOCUMENTATION_COMMENTS = YES;
				CLANG_WARN_EMPTY_BODY = YES;
				CLANG_WARN_ENUM_CONVERSION = YES;
				CLANG_WARN_INFINITE_RECURSION = YES;
				CLANG_WARN_INT_CONVERSION = YES;
				CLANG_WARN_NON_LITERAL_NULL_CONVERSION = YES;
				CLANG_WARN_OBJC_IMPLICIT_RETAIN_SELF = YES;
				CLANG_WARN_OBJC_LITERAL_CONVERSION = YES;
				CLANG_WARN_OBJC_ROOT_CLASS = YES_ERROR;
				CLANG_WARN_QUOTED_INCLUDE_IN_FRAMEWORK_HEADER = YES;
				CLANG_WARN_RANGE_LOOP_ANALYSIS = YES;
				CLANG_WARN_STRICT_PROTOTYPES = YES;
				CLANG_WARN_SUSPICIOUS_MOVE = YES;
				CLANG_WARN_UNGUARDED_AVAILABILITY = YES_AGGRESSIVE;
				CLANG_WARN_UNREACHABLE_CODE = YES;
				CLANG_WARN__DUPLICATE_METHOD_MATCH = YES;
				COPY_PHASE_STRIP = NO;
				DEBUG_INFORMATION_FORMAT = "dwarf-with-dsym";
				ENABLE_NS_ASSERTIONS = NO;
				ENABLE_STRICT_OBJC_MSGSEND = YES;
				GCC_C_LANGUAGE_STANDARD = gnu11;
				GCC_NO_COMMON_BLOCKS = YES;
				GCC_WARN_64_TO_32_BIT_CONVERSION = YES;
				GCC_WARN_ABOUT_RETURN_TYPE = YES_ERROR;
				GCC_WARN_UNDECLARED_SELECTOR = YES;
				GCC_WARN_UNINITIALIZED_AUTOS = YES_AGGRESSIVE;
				GCC_WARN_UNUSED_FUNCTION = YES;
				GCC_WARN_UNUSED_VARIABLE = YES;
				IPHONEOS_DEPLOYMENT_TARGET = 14.4;
				MTL_ENABLE_DEBUG_INFO = NO;
				MTL_FAST_MATH = YES;
				SDKROOT = iphoneos;
				SWIFT_COMPILATION_MODE = wholemodule;
				SWIFT_OPTIMIZATION_LEVEL = "-O";
				VALIDATE_PRODUCT = YES;
			};
			name = Release;
		};
		79C2BEE4274852060005322B /* Debug */ = {
			isa = XCBuildConfiguration;
			buildSettings = {
				ASSETCATALOG_COMPILER_APPICON_NAME = AppIcon;
				ASSETCATALOG_COMPILER_GLOBAL_ACCENT_COLOR_NAME = AccentColor;
				CODE_SIGN_STYLE = Automatic;
				DEVELOPMENT_ASSET_PATHS = "\"Trainiig/Preview Content\"";
				DEVELOPMENT_TEAM = 655XAK9B3V;
				ENABLE_PREVIEWS = YES;
				INFOPLIST_FILE = Trainiig/Info.plist;
				LD_RUNPATH_SEARCH_PATHS = (
					"$(inherited)",
					"@executable_path/Frameworks",
				);
				PRODUCT_BUNDLE_IDENTIFIER = ru.Inzil.Trainiig;
				PRODUCT_NAME = "$(TARGET_NAME)";
				SWIFT_VERSION = 5.0;
				TARGETED_DEVICE_FAMILY = "1,2";
			};
			name = Debug;
		};
		79C2BEE5274852060005322B /* Release */ = {
			isa = XCBuildConfiguration;
			buildSettings = {
				ASSETCATALOG_COMPILER_APPICON_NAME = AppIcon;
				ASSETCATALOG_COMPILER_GLOBAL_ACCENT_COLOR_NAME = AccentColor;
				CODE_SIGN_STYLE = Automatic;
				DEVELOPMENT_ASSET_PATHS = "\"Trainiig/Preview Content\"";
				DEVELOPMENT_TEAM = 655XAK9B3V;
				ENABLE_PREVIEWS = YES;
				INFOPLIST_FILE = Trainiig/Info.plist;
				LD_RUNPATH_SEARCH_PATHS = (
					"$(inherited)",
					"@executable_path/Frameworks",
				);
				PRODUCT_BUNDLE_IDENTIFIER = ru.Inzil.Trainiig;
				PRODUCT_NAME = "$(TARGET_NAME)";
				SWIFT_VERSION = 5.0;
				TARGETED_DEVICE_FAMILY = "1,2";
			};
			name = Release;
		};
/* End XCBuildConfiguration section */

/* Begin XCConfigurationList section */
		79C2BECA274851FF0005322B /* Build configuration list for PBXProject "Trainiig" */ = {
			isa = XCConfigurationList;
			buildConfigurations = (
				79C2BEE1274852060005322B /* Debug */,
				79C2BEE2274852060005322B /* Release */,
			);
			defaultConfigurationIsVisible = 0;
			defaultConfigurationName = Release;
		};
		79C2BEE3274852060005322B /* Build configuration list for PBXNativeTarget "Trainiig" */ = {
			isa = XCConfigurationList;
			buildConfigurations = (
				79C2BEE4274852060005322B /* Debug */,
				79C2BEE5274852060005322B /* Release */,
			);
			defaultConfigurationIsVisible = 0;
			defaultConfigurationName = Release;
		};
/* End XCConfigurationList section */
	};
	rootObject = 79C2BEC7274851FF0005322B /* Project object */;
}
